// !$*UTF8*$!
{
	archiveVersion = 1;
	classes = {
	};
	objectVersion = 50;
	objects = {

/* Begin PBXBuildFile section */
		650005A46C0D53B0B71EBBC1 /* Pods_SantoCodingExercise.framework in Frameworks */ = {isa = PBXBuildFile; fileRef = 6BED9608942B905AA57026B1 /* Pods_SantoCodingExercise.framework */; };
		A27FEA2B218EF513003943A9 /* AppDelegate.swift in Sources */ = {isa = PBXBuildFile; fileRef = A27FEA2A218EF513003943A9 /* AppDelegate.swift */; };
		A27FEA30218EF513003943A9 /* Main.storyboard in Resources */ = {isa = PBXBuildFile; fileRef = A27FEA2E218EF513003943A9 /* Main.storyboard */; };
		A27FEA32218EF523003943A9 /* Assets.xcassets in Resources */ = {isa = PBXBuildFile; fileRef = A27FEA31218EF523003943A9 /* Assets.xcassets */; };
		A27FEA35218EF523003943A9 /* LaunchScreen.storyboard in Resources */ = {isa = PBXBuildFile; fileRef = A27FEA33218EF523003943A9 /* LaunchScreen.storyboard */; };
		A27FEA41218EF9FA003943A9 /* APIConstants.swift in Sources */ = {isa = PBXBuildFile; fileRef = A27FEA40218EF9FA003943A9 /* APIConstants.swift */; };
		A27FEA45218F1126003943A9 /* ViewController.swift in Sources */ = {isa = PBXBuildFile; fileRef = A27FEA44218F1126003943A9 /* ViewController.swift */; };
		A27FEA47218F1145003943A9 /* ListViewController.swift in Sources */ = {isa = PBXBuildFile; fileRef = A27FEA46218F1145003943A9 /* ListViewController.swift */; };
		A27FEA49218F11E8003943A9 /* ListTableViewCell.swift in Sources */ = {isa = PBXBuildFile; fileRef = A27FEA48218F11E8003943A9 /* ListTableViewCell.swift */; };
		A27FEA4C218F193A003943A9 /* DataModel.swift in Sources */ = {isa = PBXBuildFile; fileRef = A27FEA4B218F193A003943A9 /* DataModel.swift */; };
		A27FEA51218F1CD9003943A9 /* WebServiceManager.swift in Sources */ = {isa = PBXBuildFile; fileRef = A27FEA50218F1CD9003943A9 /* WebServiceManager.swift */; };
		A27FEA54218F1D0D003943A9 /* Reachability.swift in Sources */ = {isa = PBXBuildFile; fileRef = A27FEA53218F1D0D003943A9 /* Reachability.swift */; };
		A27FEA57218F200D003943A9 /* ViewControllerExtension.swift in Sources */ = {isa = PBXBuildFile; fileRef = A27FEA56218F200D003943A9 /* ViewControllerExtension.swift */; };
		A2C3DE9821A19BCD00481DCE /* CustomTableViewCell.swift in Sources */ = {isa = PBXBuildFile; fileRef = A2C3DE9721A19BCD00481DCE /* CustomTableViewCell.swift */; };
		A2C3DEA021A1A0BB00481DCE /* SantoCodingExerciseTests.swift in Sources */ = {isa = PBXBuildFile; fileRef = A2C3DE9F21A1A0BB00481DCE /* SantoCodingExerciseTests.swift */; };
/* End PBXBuildFile section */

/* Begin PBXContainerItemProxy section */
		A2C3DEA221A1A0BB00481DCE /* PBXContainerItemProxy */ = {
			isa = PBXContainerItemProxy;
			containerPortal = A27FEA1F218EF513003943A9 /* Project object */;
			proxyType = 1;
			remoteGlobalIDString = A27FEA26218EF513003943A9;
			remoteInfo = SantoCodingExercise;
		};
/* End PBXContainerItemProxy section */

/* Begin PBXFileReference section */
		6545DC425A98C0D15802C873 /* Pods-SantoCodingExercise.release.xcconfig */ = {isa = PBXFileReference; includeInIndex = 1; lastKnownFileType = text.xcconfig; name = "Pods-SantoCodingExercise.release.xcconfig"; path = "Pods/Target Support Files/Pods-SantoCodingExercise/Pods-SantoCodingExercise.release.xcconfig"; sourceTree = "<group>"; };
		6BED9608942B905AA57026B1 /* Pods_SantoCodingExercise.framework */ = {isa = PBXFileReference; explicitFileType = wrapper.framework; includeInIndex = 0; path = Pods_SantoCodingExercise.framework; sourceTree = BUILT_PRODUCTS_DIR; };
		912C60CDA8A043BE242EA0ED /* Pods-SantoCodingExercise.debug.xcconfig */ = {isa = PBXFileReference; includeInIndex = 1; lastKnownFileType = text.xcconfig; name = "Pods-SantoCodingExercise.debug.xcconfig"; path = "Pods/Target Support Files/Pods-SantoCodingExercise/Pods-SantoCodingExercise.debug.xcconfig"; sourceTree = "<group>"; };
		A209DC0B2190A5D7002F36B6 /* Bridging-Header.h */ = {isa = PBXFileReference; lastKnownFileType = sourcecode.c.h; path = "Bridging-Header.h"; sourceTree = "<group>"; };
		A27FEA27218EF513003943A9 /* SantoCodingExercise.app */ = {isa = PBXFileReference; explicitFileType = wrapper.application; includeInIndex = 0; path = SantoCodingExercise.app; sourceTree = BUILT_PRODUCTS_DIR; };
		A27FEA2A218EF513003943A9 /* AppDelegate.swift */ = {isa = PBXFileReference; lastKnownFileType = sourcecode.swift; path = AppDelegate.swift; sourceTree = "<group>"; };
		A27FEA2F218EF513003943A9 /* Base */ = {isa = PBXFileReference; lastKnownFileType = file.storyboard; name = Base; path = Base.lproj/Main.storyboard; sourceTree = "<group>"; };
		A27FEA31218EF523003943A9 /* Assets.xcassets */ = {isa = PBXFileReference; lastKnownFileType = folder.assetcatalog; path = Assets.xcassets; sourceTree = "<group>"; };
		A27FEA34218EF523003943A9 /* Base */ = {isa = PBXFileReference; lastKnownFileType = file.storyboard; name = Base; path = Base.lproj/LaunchScreen.storyboard; sourceTree = "<group>"; };
		A27FEA36218EF523003943A9 /* Info.plist */ = {isa = PBXFileReference; lastKnownFileType = text.plist.xml; path = Info.plist; sourceTree = "<group>"; };
		A27FEA40218EF9FA003943A9 /* APIConstants.swift */ = {isa = PBXFileReference; lastKnownFileType = sourcecode.swift; path = APIConstants.swift; sourceTree = "<group>"; };
		A27FEA44218F1126003943A9 /* ViewController.swift */ = {isa = PBXFileReference; fileEncoding = 4; lastKnownFileType = sourcecode.swift; path = ViewController.swift; sourceTree = "<group>"; };
		A27FEA46218F1145003943A9 /* ListViewController.swift */ = {isa = PBXFileReference; lastKnownFileType = sourcecode.swift; path = ListViewController.swift; sourceTree = "<group>"; };
		A27FEA48218F11E8003943A9 /* ListTableViewCell.swift */ = {isa = PBXFileReference; lastKnownFileType = sourcecode.swift; path = ListTableViewCell.swift; sourceTree = "<group>"; };
		A27FEA4B218F193A003943A9 /* DataModel.swift */ = {isa = PBXFileReference; lastKnownFileType = sourcecode.swift; path = DataModel.swift; sourceTree = "<group>"; };
		A27FEA50218F1CD9003943A9 /* WebServiceManager.swift */ = {isa = PBXFileReference; lastKnownFileType = sourcecode.swift; path = WebServiceManager.swift; sourceTree = "<group>"; };
		A27FEA53218F1D0D003943A9 /* Reachability.swift */ = {isa = PBXFileReference; fileEncoding = 4; lastKnownFileType = sourcecode.swift; path = Reachability.swift; sourceTree = "<group>"; };
		A27FEA56218F200D003943A9 /* ViewControllerExtension.swift */ = {isa = PBXFileReference; lastKnownFileType = sourcecode.swift; path = ViewControllerExtension.swift; sourceTree = "<group>"; };
		A2C3DE9721A19BCD00481DCE /* CustomTableViewCell.swift */ = {isa = PBXFileReference; fileEncoding = 4; lastKnownFileType = sourcecode.swift; path = CustomTableViewCell.swift; sourceTree = "<group>"; };
		A2C3DE9D21A1A0BB00481DCE /* SantoCodingExerciseTests.xctest */ = {isa = PBXFileReference; explicitFileType = wrapper.cfbundle; includeInIndex = 0; path = SantoCodingExerciseTests.xctest; sourceTree = BUILT_PRODUCTS_DIR; };
		A2C3DE9F21A1A0BB00481DCE /* SantoCodingExerciseTests.swift */ = {isa = PBXFileReference; lastKnownFileType = sourcecode.swift; path = SantoCodingExerciseTests.swift; sourceTree = "<group>"; };
		A2C3DEA121A1A0BB00481DCE /* Info.plist */ = {isa = PBXFileReference; lastKnownFileType = text.plist.xml; path = Info.plist; sourceTree = "<group>"; };
/* End PBXFileReference section */

/* Begin PBXFrameworksBuildPhase section */
		A27FEA24218EF513003943A9 /* Frameworks */ = {
			isa = PBXFrameworksBuildPhase;
			buildActionMask = 2147483647;
			files = (
				650005A46C0D53B0B71EBBC1 /* Pods_SantoCodingExercise.framework in Frameworks */,
			);
			runOnlyForDeploymentPostprocessing = 0;
		};
		A2C3DE9A21A1A0BB00481DCE /* Frameworks */ = {
			isa = PBXFrameworksBuildPhase;
			buildActionMask = 2147483647;
			files = (
			);
			runOnlyForDeploymentPostprocessing = 0;
		};
/* End PBXFrameworksBuildPhase section */

/* Begin PBXGroup section */
		6DCDD9A4A777C3132C973E4D /* Pods */ = {
			isa = PBXGroup;
			children = (
				912C60CDA8A043BE242EA0ED /* Pods-SantoCodingExercise.debug.xcconfig */,
				6545DC425A98C0D15802C873 /* Pods-SantoCodingExercise.release.xcconfig */,
			);
			name = Pods;
			sourceTree = "<group>";
		};
		A27FEA1E218EF513003943A9 = {
			isa = PBXGroup;
			children = (
				A27FEA29218EF513003943A9 /* SantoCodingExercise */,
				A2C3DE9E21A1A0BB00481DCE /* SantoCodingExerciseTests */,
				A27FEA28218EF513003943A9 /* Products */,
				6DCDD9A4A777C3132C973E4D /* Pods */,
				F07F7B25BB6A3BB8113D696D /* Frameworks */,
			);
			sourceTree = "<group>";
		};
		A27FEA28218EF513003943A9 /* Products */ = {
			isa = PBXGroup;
			children = (
				A27FEA27218EF513003943A9 /* SantoCodingExercise.app */,
				A2C3DE9D21A1A0BB00481DCE /* SantoCodingExerciseTests.xctest */,
			);
			name = Products;
			sourceTree = "<group>";
		};
		A27FEA29218EF513003943A9 /* SantoCodingExercise */ = {
			isa = PBXGroup;
			children = (
				A209DC0B2190A5D7002F36B6 /* Bridging-Header.h */,
				A27FEA55218F1FED003943A9 /* Extensions */,
				A27FEA3F218EF9B8003943A9 /* Constants */,
				A27FEA4D218F1CAB003943A9 /* NetworkLayer */,
				A27FEA4A218F1905003943A9 /* Models */,
				A27FEA3C218EF9AF003943A9 /* ViewControllers */,
				A27FEA2A218EF513003943A9 /* AppDelegate.swift */,
				A27FEA2E218EF513003943A9 /* Main.storyboard */,
				A27FEA31218EF523003943A9 /* Assets.xcassets */,
				A27FEA33218EF523003943A9 /* LaunchScreen.storyboard */,
				A27FEA36218EF523003943A9 /* Info.plist */,
			);
			path = SantoCodingExercise;
			sourceTree = "<group>";
		};
		A27FEA3C218EF9AF003943A9 /* ViewControllers */ = {
			isa = PBXGroup;
			children = (
				A27FEA43218F1126003943A9 /* HomeViewController */,
				A27FEA42218F111F003943A9 /* ListViewController */,
			);
			path = ViewControllers;
			sourceTree = "<group>";
		};
		A27FEA3F218EF9B8003943A9 /* Constants */ = {
			isa = PBXGroup;
			children = (
				A27FEA40218EF9FA003943A9 /* APIConstants.swift */,
			);
			path = Constants;
			sourceTree = "<group>";
		};
		A27FEA42218F111F003943A9 /* ListViewController */ = {
			isa = PBXGroup;
			children = (
				A2C3DE9721A19BCD00481DCE /* CustomTableViewCell.swift */,
				A27FEA46218F1145003943A9 /* ListViewController.swift */,
				A27FEA48218F11E8003943A9 /* ListTableViewCell.swift */,
			);
			path = ListViewController;
			sourceTree = "<group>";
		};
		A27FEA43218F1126003943A9 /* HomeViewController */ = {
			isa = PBXGroup;
			children = (
				A27FEA44218F1126003943A9 /* ViewController.swift */,
			);
			path = HomeViewController;
			sourceTree = "<group>";
		};
		A27FEA4A218F1905003943A9 /* Models */ = {
			isa = PBXGroup;
			children = (
				A27FEA4B218F193A003943A9 /* DataModel.swift */,
			);
			path = Models;
			sourceTree = "<group>";
		};
		A27FEA4D218F1CAB003943A9 /* NetworkLayer */ = {
			isa = PBXGroup;
			children = (
				A27FEA52218F1D0D003943A9 /* ReachabilitySwift */,
				A27FEA50218F1CD9003943A9 /* WebServiceManager.swift */,
			);
			path = NetworkLayer;
			sourceTree = "<group>";
		};
		A27FEA52218F1D0D003943A9 /* ReachabilitySwift */ = {
			isa = PBXGroup;
			children = (
				A27FEA53218F1D0D003943A9 /* Reachability.swift */,
			);
			path = ReachabilitySwift;
			sourceTree = "<group>";
		};
		A27FEA55218F1FED003943A9 /* Extensions */ = {
			isa = PBXGroup;
			children = (
				A27FEA56218F200D003943A9 /* ViewControllerExtension.swift */,
			);
			path = Extensions;
			sourceTree = "<group>";
		};
		A2C3DE9E21A1A0BB00481DCE /* SantoCodingExerciseTests */ = {
			isa = PBXGroup;
			children = (
				A2C3DE9F21A1A0BB00481DCE /* SantoCodingExerciseTests.swift */,
				A2C3DEA121A1A0BB00481DCE /* Info.plist */,
			);
			path = SantoCodingExerciseTests;
			sourceTree = "<group>";
		};
		F07F7B25BB6A3BB8113D696D /* Frameworks */ = {
			isa = PBXGroup;
			children = (
				6BED9608942B905AA57026B1 /* Pods_SantoCodingExercise.framework */,
			);
			name = Frameworks;
			sourceTree = "<group>";
		};
/* End PBXGroup section */

/* Begin PBXNativeTarget section */
		A27FEA26218EF513003943A9 /* SantoCodingExercise */ = {
			isa = PBXNativeTarget;
			buildConfigurationList = A27FEA39218EF523003943A9 /* Build configuration list for PBXNativeTarget "SantoCodingExercise" */;
			buildPhases = (
				1D43994C62BE4FD0F42FE2DB /* [CP] Check Pods Manifest.lock */,
				A27FEA23218EF513003943A9 /* Sources */,
				A27FEA24218EF513003943A9 /* Frameworks */,
				A27FEA25218EF513003943A9 /* Resources */,
				E89B3AE4F5AF3244FDEA414A /* [CP] Embed Pods Frameworks */,
			);
			buildRules = (
			);
			dependencies = (
			);
			name = SantoCodingExercise;
			productName = SantoCodingExercise;
			productReference = A27FEA27218EF513003943A9 /* SantoCodingExercise.app */;
			productType = "com.apple.product-type.application";
		};
		A2C3DE9C21A1A0BB00481DCE /* SantoCodingExerciseTests */ = {
			isa = PBXNativeTarget;
			buildConfigurationList = A2C3DEA421A1A0BB00481DCE /* Build configuration list for PBXNativeTarget "SantoCodingExerciseTests" */;
			buildPhases = (
				A2C3DE9921A1A0BB00481DCE /* Sources */,
				A2C3DE9A21A1A0BB00481DCE /* Frameworks */,
				A2C3DE9B21A1A0BB00481DCE /* Resources */,
			);
			buildRules = (
			);
			dependencies = (
				A2C3DEA321A1A0BB00481DCE /* PBXTargetDependency */,
			);
			name = SantoCodingExerciseTests;
			productName = SantoCodingExerciseTests;
			productReference = A2C3DE9D21A1A0BB00481DCE /* SantoCodingExerciseTests.xctest */;
			productType = "com.apple.product-type.bundle.unit-test";
		};
/* End PBXNativeTarget section */

/* Begin PBXProject section */
		A27FEA1F218EF513003943A9 /* Project object */ = {
			isa = PBXProject;
			attributes = {
				LastSwiftUpdateCheck = 0940;
				LastUpgradeCheck = 0940;
				ORGANIZATIONNAME = com.santosh.project;
				TargetAttributes = {
					A27FEA26218EF513003943A9 = {
						CreatedOnToolsVersion = 9.4.1;
					};
					A2C3DE9C21A1A0BB00481DCE = {
						CreatedOnToolsVersion = 9.4.1;
						TestTargetID = A27FEA26218EF513003943A9;
					};
				};
			};
			buildConfigurationList = A27FEA22218EF513003943A9 /* Build configuration list for PBXProject "SantoCodingExercise" */;
			compatibilityVersion = "Xcode 9.3";
			developmentRegion = en;
			hasScannedForEncodings = 0;
			knownRegions = (
				en,
				Base,
			);
			mainGroup = A27FEA1E218EF513003943A9;
			productRefGroup = A27FEA28218EF513003943A9 /* Products */;
			projectDirPath = "";
			projectRoot = "";
			targets = (
				A27FEA26218EF513003943A9 /* SantoCodingExercise */,
				A2C3DE9C21A1A0BB00481DCE /* SantoCodingExerciseTests */,
			);
		};
/* End PBXProject section */

/* Begin PBXResourcesBuildPhase section */
		A27FEA25218EF513003943A9 /* Resources */ = {
			isa = PBXResourcesBuildPhase;
			buildActionMask = 2147483647;
			files = (
				A27FEA35218EF523003943A9 /* LaunchScreen.storyboard in Resources */,
				A27FEA32218EF523003943A9 /* Assets.xcassets in Resources */,
				A27FEA30218EF513003943A9 /* Main.storyboard in Resources */,
			);
			runOnlyForDeploymentPostprocessing = 0;
		};
		A2C3DE9B21A1A0BB00481DCE /* Resources */ = {
			isa = PBXResourcesBuildPhase;
			buildActionMask = 2147483647;
			files = (
			);
			runOnlyForDeploymentPostprocessing = 0;
		};
/* End PBXResourcesBuildPhase section */

/* Begin PBXShellScriptBuildPhase section */
		1D43994C62BE4FD0F42FE2DB /* [CP] Check Pods Manifest.lock */ = {
			isa = PBXShellScriptBuildPhase;
			buildActionMask = 2147483647;
			files = (
			);
			inputPaths = (
				"${PODS_PODFILE_DIR_PATH}/Podfile.lock",
				"${PODS_ROOT}/Manifest.lock",
			);
			name = "[CP] Check Pods Manifest.lock";
			outputPaths = (
				"$(DERIVED_FILE_DIR)/Pods-SantoCodingExercise-checkManifestLockResult.txt",
			);
			runOnlyForDeploymentPostprocessing = 0;
			shellPath = /bin/sh;
			shellScript = "diff \"${PODS_PODFILE_DIR_PATH}/Podfile.lock\" \"${PODS_ROOT}/Manifest.lock\" > /dev/null\nif [ $? != 0 ] ; then\n    # print error to STDERR\n    echo \"error: The sandbox is not in sync with the Podfile.lock. Run 'pod install' or update your CocoaPods installation.\" >&2\n    exit 1\nfi\n# This output is used by Xcode 'outputs' to avoid re-running this script phase.\necho \"SUCCESS\" > \"${SCRIPT_OUTPUT_FILE_0}\"\n";
			showEnvVarsInLog = 0;
		};
		E89B3AE4F5AF3244FDEA414A /* [CP] Embed Pods Frameworks */ = {
			isa = PBXShellScriptBuildPhase;
			buildActionMask = 2147483647;
			files = (
			);
			inputPaths = (
				"${SRCROOT}/Pods/Target Support Files/Pods-SantoCodingExercise/Pods-SantoCodingExercise-frameworks.sh",
				"${BUILT_PRODUCTS_DIR}/MBProgressHUD/MBProgressHUD.framework",
				"${BUILT_PRODUCTS_DIR}/SDWebImage/SDWebImage.framework",
			);
			name = "[CP] Embed Pods Frameworks";
			outputPaths = (
				"${TARGET_BUILD_DIR}/${FRAMEWORKS_FOLDER_PATH}/MBProgressHUD.framework",
				"${TARGET_BUILD_DIR}/${FRAMEWORKS_FOLDER_PATH}/SDWebImage.framework",
			);
			runOnlyForDeploymentPostprocessing = 0;
			shellPath = /bin/sh;
			shellScript = "\"${SRCROOT}/Pods/Target Support Files/Pods-SantoCodingExercise/Pods-SantoCodingExercise-frameworks.sh\"\n";
			showEnvVarsInLog = 0;
		};
/* End PBXShellScriptBuildPhase section */

/* Begin PBXSourcesBuildPhase section */
		A27FEA23218EF513003943A9 /* Sources */ = {
			isa = PBXSourcesBuildPhase;
			buildActionMask = 2147483647;
			files = (
				A27FEA45218F1126003943A9 /* ViewController.swift in Sources */,
				A27FEA51218F1CD9003943A9 /* WebServiceManager.swift in Sources */,
				A27FEA57218F200D003943A9 /* ViewControllerExtension.swift in Sources */,
				A27FEA2B218EF513003943A9 /* AppDelegate.swift in Sources */,
				A27FEA47218F1145003943A9 /* ListViewController.swift in Sources */,
				A27FEA41218EF9FA003943A9 /* APIConstants.swift in Sources */,
				A2C3DE9821A19BCD00481DCE /* CustomTableViewCell.swift in Sources */,
				A27FEA49218F11E8003943A9 /* ListTableViewCell.swift in Sources */,
				A27FEA54218F1D0D003943A9 /* Reachability.swift in Sources */,
				A27FEA4C218F193A003943A9 /* DataModel.swift in Sources */,
			);
			runOnlyForDeploymentPostprocessing = 0;
		};
		A2C3DE9921A1A0BB00481DCE /* Sources */ = {
			isa = PBXSourcesBuildPhase;
			buildActionMask = 2147483647;
			files = (
				A2C3DEA021A1A0BB00481DCE /* SantoCodingExerciseTests.swift in Sources */,
			);
			runOnlyForDeploymentPostprocessing = 0;
		};
/* End PBXSourcesBuildPhase section */

/* Begin PBXTargetDependency section */
		A2C3DEA321A1A0BB00481DCE /* PBXTargetDependency */ = {
			isa = PBXTargetDependency;
			target = A27FEA26218EF513003943A9 /* SantoCodingExercise */;
			targetProxy = A2C3DEA221A1A0BB00481DCE /* PBXContainerItemProxy */;
		};
/* End PBXTargetDependency section */

/* Begin PBXVariantGroup section */
		A27FEA2E218EF513003943A9 /* Main.storyboard */ = {
			isa = PBXVariantGroup;
			children = (
				A27FEA2F218EF513003943A9 /* Base */,
			);
			name = Main.storyboard;
			sourceTree = "<group>";
		};
		A27FEA33218EF523003943A9 /* LaunchScreen.storyboard */ = {
			isa = PBXVariantGroup;
			children = (
				A27FEA34218EF523003943A9 /* Base */,
			);
			name = LaunchScreen.storyboard;
			sourceTree = "<group>";
		};
/* End PBXVariantGroup section */

/* Begin XCBuildConfiguration section */
		A27FEA37218EF523003943A9 /* Debug */ = {
			isa = XCBuildConfiguration;
			buildSettings = {
				ALWAYS_SEARCH_USER_PATHS = NO;
				CLANG_ANALYZER_NONNULL = YES;
				CLANG_ANALYZER_NUMBER_OBJECT_CONVERSION = YES_AGGRESSIVE;
				CLANG_CXX_LANGUAGE_STANDARD = "gnu++14";
				CLANG_CXX_LIBRARY = "libc++";
				CLANG_ENABLE_MODULES = YES;
				CLANG_ENABLE_OBJC_ARC = YES;
				CLANG_ENABLE_OBJC_WEAK = YES;
				CLANG_WARN_BLOCK_CAPTURE_AUTORELEASING = YES;
				CLANG_WARN_BOOL_CONVERSION = YES;
				CLANG_WARN_COMMA = YES;
				CLANG_WARN_CONSTANT_CONVERSION = YES;
				CLANG_WARN_DEPRECATED_OBJC_IMPLEMENTATIONS = YES;
				CLANG_WARN_DIRECT_OBJC_ISA_USAGE = YES_ERROR;
				CLANG_WARN_DOCUMENTATION_COMMENTS = YES;
				CLANG_WARN_EMPTY_BODY = YES;
				CLANG_WARN_ENUM_CONVERSION = YES;
				CLANG_WARN_INFINITE_RECURSION = YES;
				CLANG_WARN_INT_CONVERSION = YES;
				CLANG_WARN_NON_LITERAL_NULL_CONVERSION = YES;
				CLANG_WARN_OBJC_IMPLICIT_RETAIN_SELF = YES;
				CLANG_WARN_OBJC_LITERAL_CONVERSION = YES;
				CLANG_WARN_OBJC_ROOT_CLASS = YES_ERROR;
				CLANG_WARN_RANGE_LOOP_ANALYSIS = YES;
				CLANG_WARN_STRICT_PROTOTYPES = YES;
				CLANG_WARN_SUSPICIOUS_MOVE = YES;
				CLANG_WARN_UNGUARDED_AVAILABILITY = YES_AGGRESSIVE;
				CLANG_WARN_UNREACHABLE_CODE = YES;
				CLANG_WARN__DUPLICATE_METHOD_MATCH = YES;
				CODE_SIGN_IDENTITY = "iPhone Developer";
				COPY_PHASE_STRIP = NO;
				DEBUG_INFORMATION_FORMAT = dwarf;
				ENABLE_STRICT_OBJC_MSGSEND = YES;
				ENABLE_TESTABILITY = YES;
				GCC_C_LANGUAGE_STANDARD = gnu11;
				GCC_DYNAMIC_NO_PIC = NO;
				GCC_NO_COMMON_BLOCKS = YES;
				GCC_OPTIMIZATION_LEVEL = 0;
				GCC_PREPROCESSOR_DEFINITIONS = (
					"DEBUG=1",
					"$(inherited)",
				);
				GCC_WARN_64_TO_32_BIT_CONVERSION = YES;
				GCC_WARN_ABOUT_RETURN_TYPE = YES_ERROR;
				GCC_WARN_UNDECLARED_SELECTOR = YES;
				GCC_WARN_UNINITIALIZED_AUTOS = YES_AGGRESSIVE;
				GCC_WARN_UNUSED_FUNCTION = YES;
				GCC_WARN_UNUSED_VARIABLE = YES;
				IPHONEOS_DEPLOYMENT_TARGET = 11.4;
				MTL_ENABLE_DEBUG_INFO = YES;
				ONLY_ACTIVE_ARCH = YES;
				SDKROOT = iphoneos;
				SWIFT_ACTIVE_COMPILATION_CONDITIONS = DEBUG;
				SWIFT_OPTIMIZATION_LEVEL = "-Onone";
			};
			name = Debug;
		};
		A27FEA38218EF523003943A9 /* Release */ = {
			isa = XCBuildConfiguration;
			buildSettings = {
				ALWAYS_SEARCH_USER_PATHS = NO;
				CLANG_ANALYZER_NONNULL = YES;
				CLANG_ANALYZER_NUMBER_OBJECT_CONVERSION = YES_AGGRESSIVE;
				CLANG_CXX_LANGUAGE_STANDARD = "gnu++14";
				CLANG_CXX_LIBRARY = "libc++";
				CLANG_ENABLE_MODULES = YES;
				CLANG_ENABLE_OBJC_ARC = YES;
				CLANG_ENABLE_OBJC_WEAK = YES;
				CLANG_WARN_BLOCK_CAPTURE_AUTORELEASING = YES;
				CLANG_WARN_BOOL_CONVERSION = YES;
				CLANG_WARN_COMMA = YES;
				CLANG_WARN_CONSTANT_CONVERSION = YES;
				CLANG_WARN_DEPRECATED_OBJC_IMPLEMENTATIONS = YES;
				CLANG_WARN_DIRECT_OBJC_ISA_USAGE = YES_ERROR;
				CLANG_WARN_DOCUMENTATION_COMMENTS = YES;
				CLANG_WARN_EMPTY_BODY = YES;
				CLANG_WARN_ENUM_CONVERSION = YES;
				CLANG_WARN_INFINITE_RECURSION = YES;
				CLANG_WARN_INT_CONVERSION = YES;
				CLANG_WARN_NON_LITERAL_NULL_CONVERSION = YES;
				CLANG_WARN_OBJC_IMPLICIT_RETAIN_SELF = YES;
				CLANG_WARN_OBJC_LITERAL_CONVERSION = YES;
				CLANG_WARN_OBJC_ROOT_CLASS = YES_ERROR;
				CLANG_WARN_RANGE_LOOP_ANALYSIS = YES;
				CLANG_WARN_STRICT_PROTOTYPES = YES;
				CLANG_WARN_SUSPICIOUS_MOVE = YES;
				CLANG_WARN_UNGUARDED_AVAILABILITY = YES_AGGRESSIVE;
				CLANG_WARN_UNREACHABLE_CODE = YES;
				CLANG_WARN__DUPLICATE_METHOD_MATCH = YES;
				CODE_SIGN_IDENTITY = "iPhone Developer";
				COPY_PHASE_STRIP = NO;
				DEBUG_INFORMATION_FORMAT = "dwarf-with-dsym";
				ENABLE_NS_ASSERTIONS = NO;
				ENABLE_STRICT_OBJC_MSGSEND = YES;
				GCC_C_LANGUAGE_STANDARD = gnu11;
				GCC_NO_COMMON_BLOCKS = YES;
				GCC_WARN_64_TO_32_BIT_CONVERSION = YES;
				GCC_WARN_ABOUT_RETURN_TYPE = YES_ERROR;
				GCC_WARN_UNDECLARED_SELECTOR = YES;
				GCC_WARN_UNINITIALIZED_AUTOS = YES_AGGRESSIVE;
				GCC_WARN_UNUSED_FUNCTION = YES;
				GCC_WARN_UNUSED_VARIABLE = YES;
				IPHONEOS_DEPLOYMENT_TARGET = 11.4;
				MTL_ENABLE_DEBUG_INFO = NO;
				SDKROOT = iphoneos;
				SWIFT_COMPILATION_MODE = wholemodule;
				SWIFT_OPTIMIZATION_LEVEL = "-O";
				VALIDATE_PRODUCT = YES;
			};
			name = Release;
		};
		A27FEA3A218EF523003943A9 /* Debug */ = {
			isa = XCBuildConfiguration;
			baseConfigurationReference = 912C60CDA8A043BE242EA0ED /* Pods-SantoCodingExercise.debug.xcconfig */;
			buildSettings = {
				ASSETCATALOG_COMPILER_APPICON_NAME = AppIcon;
				CODE_SIGN_STYLE = Automatic;
				DEVELOPMENT_TEAM = 527XE45ZDW;
				INFOPLIST_FILE = SantoCodingExercise/Info.plist;
				LD_RUNPATH_SEARCH_PATHS = (
					"$(inherited)",
					"@executable_path/Frameworks",
				);
				PRODUCT_BUNDLE_IDENTIFIER = Santosh.SantoCodingExercise;
				PRODUCT_NAME = "$(TARGET_NAME)";
				SWIFT_VERSION = 4.0;
				TARGETED_DEVICE_FAMILY = "1,2";
			};
			name = Debug;
		};
		A27FEA3B218EF523003943A9 /* Release */ = {
			isa = XCBuildConfiguration;
			baseConfigurationReference = 6545DC425A98C0D15802C873 /* Pods-SantoCodingExercise.release.xcconfig */;
			buildSettings = {
				ASSETCATALOG_COMPILER_APPICON_NAME = AppIcon;
				CODE_SIGN_STYLE = Automatic;
				DEVELOPMENT_TEAM = 527XE45ZDW;
				INFOPLIST_FILE = SantoCodingExercise/Info.plist;
				LD_RUNPATH_SEARCH_PATHS = (
					"$(inherited)",
					"@executable_path/Frameworks",
				);
				PRODUCT_BUNDLE_IDENTIFIER = Santosh.SantoCodingExercise;
				PRODUCT_NAME = "$(TARGET_NAME)";
				SWIFT_VERSION = 4.0;
				TARGETED_DEVICE_FAMILY = "1,2";
			};
			name = Release;
		};
		A2C3DEA521A1A0BB00481DCE /* Debug */ = {
			isa = XCBuildConfiguration;
			buildSettings = {
				BUNDLE_LOADER = "$(TEST_HOST)";
				CODE_SIGN_STYLE = Automatic;
				DEVELOPMENT_TEAM = 527XE45ZDW;
				INFOPLIST_FILE = SantoCodingExerciseTests/Info.plist;
				LD_RUNPATH_SEARCH_PATHS = (
					"$(inherited)",
					"@executable_path/Frameworks",
					"@loader_path/Frameworks",
				);
				PRODUCT_BUNDLE_IDENTIFIER = Santosh.SantoCodingExerciseTests;
				PRODUCT_NAME = "$(TARGET_NAME)";
				SWIFT_VERSION = 4.0;
				TARGETED_DEVICE_FAMILY = "1,2";
				TEST_HOST = "$(BUILT_PRODUCTS_DIR)/SantoCodingExercise.app/SantoCodingExercise";
			};
			name = Debug;
		};
		A2C3DEA621A1A0BB00481DCE /* Release */ = {
			isa = XCBuildConfiguration;
			buildSettings = {
				BUNDLE_LOADER = "$(TEST_HOST)";
				CODE_SIGN_STYLE = Automatic;
				DEVELOPMENT_TEAM = 527XE45ZDW;
				INFOPLIST_FILE = SantoCodingExerciseTests/Info.plist;
				LD_RUNPATH_SEARCH_PATHS = (
					"$(inherited)",
					"@executable_path/Frameworks",
					"@loader_path/Frameworks",
				);
				PRODUCT_BUNDLE_IDENTIFIER = Santosh.SantoCodingExerciseTests;
				PRODUCT_NAME = "$(TARGET_NAME)";
				SWIFT_VERSION = 4.0;
				TARGETED_DEVICE_FAMILY = "1,2";
				TEST_HOST = "$(BUILT_PRODUCTS_DIR)/SantoCodingExercise.app/SantoCodingExercise";
			};
			name = Release;
		};
/* End XCBuildConfiguration section */

/* Begin XCConfigurationList section */
		A27FEA22218EF513003943A9 /* Build configuration list for PBXProject "SantoCodingExercise" */ = {
			isa = XCConfigurationList;
			buildConfigurations = (
				A27FEA37218EF523003943A9 /* Debug */,
				A27FEA38218EF523003943A9 /* Release */,
			);
			defaultConfigurationIsVisible = 0;
			defaultConfigurationName = Release;
		};
		A27FEA39218EF523003943A9 /* Build configuration list for PBXNativeTarget "SantoCodingExercise" */ = {
			isa = XCConfigurationList;
			buildConfigurations = (
				A27FEA3A218EF523003943A9 /* Debug */,
				A27FEA3B218EF523003943A9 /* Release */,
			);
			defaultConfigurationIsVisible = 0;
			defaultConfigurationName = Release;
		};
		A2C3DEA421A1A0BB00481DCE /* Build configuration list for PBXNativeTarget "SantoCodingExerciseTests" */ = {
			isa = XCConfigurationList;
			buildConfigurations = (
				A2C3DEA521A1A0BB00481DCE /* Debug */,
				A2C3DEA621A1A0BB00481DCE /* Release */,
			);
			defaultConfigurationIsVisible = 0;
			defaultConfigurationName = Release;
		};
/* End XCConfigurationList section */
	};
	rootObject = A27FEA1F218EF513003943A9 /* Project object */;
}
